// !$*UTF8*$!
{
	archiveVersion = 1;
	classes = {
	};
	objectVersion = 50;
	objects = {

/* Begin PBXBuildFile section */
		D74912A4246694E200CC12D3 /* AppDelegate.swift in Sources */ = {isa = PBXBuildFile; fileRef = D74912A3246694E200CC12D3 /* AppDelegate.swift */; };
		D74912A6246694E200CC12D3 /* SceneDelegate.swift in Sources */ = {isa = PBXBuildFile; fileRef = D74912A5246694E200CC12D3 /* SceneDelegate.swift */; };
		D74912A8246694E200CC12D3 /* ViewController.swift in Sources */ = {isa = PBXBuildFile; fileRef = D74912A7246694E200CC12D3 /* ViewController.swift */; };
		D74912AB246694E200CC12D3 /* Main.storyboard in Resources */ = {isa = PBXBuildFile; fileRef = D74912A9246694E200CC12D3 /* Main.storyboard */; };
		D74912AE246694E200CC12D3 /* SampleProjectWithoutStoryboard.xcdatamodeld in Sources */ = {isa = PBXBuildFile; fileRef = D74912AC246694E200CC12D3 /* SampleProjectWithoutStoryboard.xcdatamodeld */; };
		D74912B0246694E400CC12D3 /* Assets.xcassets in Resources */ = {isa = PBXBuildFile; fileRef = D74912AF246694E400CC12D3 /* Assets.xcassets */; };
		D74912B3246694E400CC12D3 /* LaunchScreen.storyboard in Resources */ = {isa = PBXBuildFile; fileRef = D74912B1246694E400CC12D3 /* LaunchScreen.storyboard */; };
		D74912BE246694E400CC12D3 /* SampleProjectWithoutStoryboardTests.swift in Sources */ = {isa = PBXBuildFile; fileRef = D74912BD246694E400CC12D3 /* SampleProjectWithoutStoryboardTests.swift */; };
		D74912C9246694E400CC12D3 /* SampleProjectWithoutStoryboardUITests.swift in Sources */ = {isa = PBXBuildFile; fileRef = D74912C8246694E400CC12D3 /* SampleProjectWithoutStoryboardUITests.swift */; };
/* End PBXBuildFile section */

/* Begin PBXContainerItemProxy section */
		D74912BA246694E400CC12D3 /* PBXContainerItemProxy */ = {
			isa = PBXContainerItemProxy;
			containerPortal = D7491298246694E200CC12D3 /* Project object */;
			proxyType = 1;
			remoteGlobalIDString = D749129F246694E200CC12D3;
			remoteInfo = SampleProjectWithoutStoryboard;
		};
		D74912C5246694E400CC12D3 /* PBXContainerItemProxy */ = {
			isa = PBXContainerItemProxy;
			containerPortal = D7491298246694E200CC12D3 /* Project object */;
			proxyType = 1;
			remoteGlobalIDString = D749129F246694E200CC12D3;
			remoteInfo = SampleProjectWithoutStoryboard;
		};
/* End PBXContainerItemProxy section */

/* Begin PBXFileReference section */
		D74912A0246694E200CC12D3 /* SampleProjectWithoutStoryboard.app */ = {isa = PBXFileReference; explicitFileType = wrapper.application; includeInIndex = 0; path = SampleProjectWithoutStoryboard.app; sourceTree = BUILT_PRODUCTS_DIR; };
		D74912A3246694E200CC12D3 /* AppDelegate.swift */ = {isa = PBXFileReference; lastKnownFileType = sourcecode.swift; path = AppDelegate.swift; sourceTree = "<group>"; };
		D74912A5246694E200CC12D3 /* SceneDelegate.swift */ = {isa = PBXFileReference; lastKnownFileType = sourcecode.swift; path = SceneDelegate.swift; sourceTree = "<group>"; };
		D74912A7246694E200CC12D3 /* ViewController.swift */ = {isa = PBXFileReference; lastKnownFileType = sourcecode.swift; path = ViewController.swift; sourceTree = "<group>"; };
		D74912AA246694E200CC12D3 /* Base */ = {isa = PBXFileReference; lastKnownFileType = file.storyboard; name = Base; path = Base.lproj/Main.storyboard; sourceTree = "<group>"; };
		D74912AD246694E200CC12D3 /* SampleProjectWithoutStoryboard.xcdatamodel */ = {isa = PBXFileReference; lastKnownFileType = wrapper.xcdatamodel; path = SampleProjectWithoutStoryboard.xcdatamodel; sourceTree = "<group>"; };
		D74912AF246694E400CC12D3 /* Assets.xcassets */ = {isa = PBXFileReference; lastKnownFileType = folder.assetcatalog; path = Assets.xcassets; sourceTree = "<group>"; };
		D74912B2246694E400CC12D3 /* Base */ = {isa = PBXFileReference; lastKnownFileType = file.storyboard; name = Base; path = Base.lproj/LaunchScreen.storyboard; sourceTree = "<group>"; };
		D74912B4246694E400CC12D3 /* Info.plist */ = {isa = PBXFileReference; lastKnownFileType = text.plist.xml; path = Info.plist; sourceTree = "<group>"; };
		D74912B9246694E400CC12D3 /* SampleProjectWithoutStoryboardTests.xctest */ = {isa = PBXFileReference; explicitFileType = wrapper.cfbundle; includeInIndex = 0; path = SampleProjectWithoutStoryboardTests.xctest; sourceTree = BUILT_PRODUCTS_DIR; };
		D74912BD246694E400CC12D3 /* SampleProjectWithoutStoryboardTests.swift */ = {isa = PBXFileReference; lastKnownFileType = sourcecode.swift; path = SampleProjectWithoutStoryboardTests.swift; sourceTree = "<group>"; };
		D74912BF246694E400CC12D3 /* Info.plist */ = {isa = PBXFileReference; lastKnownFileType = text.plist.xml; path = Info.plist; sourceTree = "<group>"; };
		D74912C4246694E400CC12D3 /* SampleProjectWithoutStoryboardUITests.xctest */ = {isa = PBXFileReference; explicitFileType = wrapper.cfbundle; includeInIndex = 0; path = SampleProjectWithoutStoryboardUITests.xctest; sourceTree = BUILT_PRODUCTS_DIR; };
		D74912C8246694E400CC12D3 /* SampleProjectWithoutStoryboardUITests.swift */ = {isa = PBXFileReference; lastKnownFileType = sourcecode.swift; path = SampleProjectWithoutStoryboardUITests.swift; sourceTree = "<group>"; };
		D74912CA246694E400CC12D3 /* Info.plist */ = {isa = PBXFileReference; lastKnownFileType = text.plist.xml; path = Info.plist; sourceTree = "<group>"; };
/* End PBXFileReference section */

/* Begin PBXFrameworksBuildPhase section */
		D749129D246694E200CC12D3 /* Frameworks */ = {
			isa = PBXFrameworksBuildPhase;
			buildActionMask = 2147483647;
			files = (
			);
			runOnlyForDeploymentPostprocessing = 0;
		};
		D74912B6246694E400CC12D3 /* Frameworks */ = {
			isa = PBXFrameworksBuildPhase;
			buildActionMask = 2147483647;
			files = (
			);
			runOnlyForDeploymentPostprocessing = 0;
		};
		D74912C1246694E400CC12D3 /* Frameworks */ = {
			isa = PBXFrameworksBuildPhase;
			buildActionMask = 2147483647;
			files = (
			);
			runOnlyForDeploymentPostprocessing = 0;
		};
/* End PBXFrameworksBuildPhase section */

/* Begin PBXGroup section */
		D7491297246694E200CC12D3 = {
			isa = PBXGroup;
			children = (
				D74912A2246694E200CC12D3 /* SampleProjectWithoutStoryboard */,
				D74912BC246694E400CC12D3 /* SampleProjectWithoutStoryboardTests */,
				D74912C7246694E400CC12D3 /* SampleProjectWithoutStoryboardUITests */,
				D74912A1246694E200CC12D3 /* Products */,
			);
			sourceTree = "<group>";
		};
		D74912A1246694E200CC12D3 /* Products */ = {
			isa = PBXGroup;
			children = (
				D74912A0246694E200CC12D3 /* SampleProjectWithoutStoryboard.app */,
				D74912B9246694E400CC12D3 /* SampleProjectWithoutStoryboardTests.xctest */,
				D74912C4246694E400CC12D3 /* SampleProjectWithoutStoryboardUITests.xctest */,
			);
			name = Products;
			sourceTree = "<group>";
		};
		D74912A2246694E200CC12D3 /* SampleProjectWithoutStoryboard */ = {
			isa = PBXGroup;
			children = (
				D74912A3246694E200CC12D3 /* AppDelegate.swift */,
				D74912A5246694E200CC12D3 /* SceneDelegate.swift */,
				D74912A7246694E200CC12D3 /* ViewController.swift */,
				D74912A9246694E200CC12D3 /* Main.storyboard */,
				D74912AF246694E400CC12D3 /* Assets.xcassets */,
				D74912B1246694E400CC12D3 /* LaunchScreen.storyboard */,
				D74912B4246694E400CC12D3 /* Info.plist */,
				D74912AC246694E200CC12D3 /* SampleProjectWithoutStoryboard.xcdatamodeld */,
			);
			path = SampleProjectWithoutStoryboard;
			sourceTree = "<group>";
		};
		D74912BC246694E400CC12D3 /* SampleProjectWithoutStoryboardTests */ = {
			isa = PBXGroup;
			children = (
				D74912BD246694E400CC12D3 /* SampleProjectWithoutStoryboardTests.swift */,
				D74912BF246694E400CC12D3 /* Info.plist */,
			);
			path = SampleProjectWithoutStoryboardTests;
			sourceTree = "<group>";
		};
		D74912C7246694E400CC12D3 /* SampleProjectWithoutStoryboardUITests */ = {
			isa = PBXGroup;
			children = (
				D74912C8246694E400CC12D3 /* SampleProjectWithoutStoryboardUITests.swift */,
				D74912CA246694E400CC12D3 /* Info.plist */,
			);
			path = SampleProjectWithoutStoryboardUITests;
			sourceTree = "<group>";
		};
/* End PBXGroup section */

/* Begin PBXNativeTarget section */
		D749129F246694E200CC12D3 /* SampleProjectWithoutStoryboard */ = {
			isa = PBXNativeTarget;
			buildConfigurationList = D74912CD246694E400CC12D3 /* Build configuration list for PBXNativeTarget "SampleProjectWithoutStoryboard" */;
			buildPhases = (
				D749129C246694E200CC12D3 /* Sources */,
				D749129D246694E200CC12D3 /* Frameworks */,
				D749129E246694E200CC12D3 /* Resources */,
			);
			buildRules = (
			);
			dependencies = (
			);
			name = SampleProjectWithoutStoryboard;
			productName = SampleProjectWithoutStoryboard;
			productReference = D74912A0246694E200CC12D3 /* SampleProjectWithoutStoryboard.app */;
			productType = "com.apple.product-type.application";
		};
		D74912B8246694E400CC12D3 /* SampleProjectWithoutStoryboardTests */ = {
			isa = PBXNativeTarget;
			buildConfigurationList = D74912D0246694E400CC12D3 /* Build configuration list for PBXNativeTarget "SampleProjectWithoutStoryboardTests" */;
			buildPhases = (
				D74912B5246694E400CC12D3 /* Sources */,
				D74912B6246694E400CC12D3 /* Frameworks */,
				D74912B7246694E400CC12D3 /* Resources */,
			);
			buildRules = (
			);
			dependencies = (
				D74912BB246694E400CC12D3 /* PBXTargetDependency */,
			);
			name = SampleProjectWithoutStoryboardTests;
			productName = SampleProjectWithoutStoryboardTests;
			productReference = D74912B9246694E400CC12D3 /* SampleProjectWithoutStoryboardTests.xctest */;
			productType = "com.apple.product-type.bundle.unit-test";
		};
		D74912C3246694E400CC12D3 /* SampleProjectWithoutStoryboardUITests */ = {
			isa = PBXNativeTarget;
			buildConfigurationList = D74912D3246694E400CC12D3 /* Build configuration list for PBXNativeTarget "SampleProjectWithoutStoryboardUITests" */;
			buildPhases = (
				D74912C0246694E400CC12D3 /* Sources */,
				D74912C1246694E400CC12D3 /* Frameworks */,
				D74912C2246694E400CC12D3 /* Resources */,
			);
			buildRules = (
			);
			dependencies = (
				D74912C6246694E400CC12D3 /* PBXTargetDependency */,
			);
			name = SampleProjectWithoutStoryboardUITests;
			productName = SampleProjectWithoutStoryboardUITests;
			productReference = D74912C4246694E400CC12D3 /* SampleProjectWithoutStoryboardUITests.xctest */;
			productType = "com.apple.product-type.bundle.ui-testing";
		};
/* End PBXNativeTarget section */

/* Begin PBXProject section */
		D7491298246694E200CC12D3 /* Project object */ = {
			isa = PBXProject;
			attributes = {
				LastSwiftUpdateCheck = 1140;
				LastUpgradeCheck = 1140;
				ORGANIZATIONNAME = "Aji Saputra Raka Siwi";
				TargetAttributes = {
					D749129F246694E200CC12D3 = {
						CreatedOnToolsVersion = 11.4.1;
					};
					D74912B8246694E400CC12D3 = {
						CreatedOnToolsVersion = 11.4.1;
						TestTargetID = D749129F246694E200CC12D3;
					};
					D74912C3246694E400CC12D3 = {
						CreatedOnToolsVersion = 11.4.1;
						TestTargetID = D749129F246694E200CC12D3;
					};
				};
			};
			buildConfigurationList = D749129B246694E200CC12D3 /* Build configuration list for PBXProject "SampleProjectWithoutStoryboard" */;
			compatibilityVersion = "Xcode 9.3";
			developmentRegion = en;
			hasScannedForEncodings = 0;
			knownRegions = (
				en,
				Base,
			);
			mainGroup = D7491297246694E200CC12D3;
			productRefGroup = D74912A1246694E200CC12D3 /* Products */;
			projectDirPath = "";
			projectRoot = "";
			targets = (
				D749129F246694E200CC12D3 /* SampleProjectWithoutStoryboard */,
				D74912B8246694E400CC12D3 /* SampleProjectWithoutStoryboardTests */,
				D74912C3246694E400CC12D3 /* SampleProjectWithoutStoryboardUITests */,
			);
		};
/* End PBXProject section */

/* Begin PBXResourcesBuildPhase section */
		D749129E246694E200CC12D3 /* Resources */ = {
			isa = PBXResourcesBuildPhase;
			buildActionMask = 2147483647;
			files = (
				D74912B3246694E400CC12D3 /* LaunchScreen.storyboard in Resources */,
				D74912B0246694E400CC12D3 /* Assets.xcassets in Resources */,
				D74912AB246694E200CC12D3 /* Main.storyboard in Resources */,
			);
			runOnlyForDeploymentPostprocessing = 0;
		};
		D74912B7246694E400CC12D3 /* Resources */ = {
			isa = PBXResourcesBuildPhase;
			buildActionMask = 2147483647;
			files = (
			);
			runOnlyForDeploymentPostprocessing = 0;
		};
		D74912C2246694E400CC12D3 /* Resources */ = {
			isa = PBXResourcesBuildPhase;
			buildActionMask = 2147483647;
			files = (
			);
			runOnlyForDeploymentPostprocessing = 0;
		};
/* End PBXResourcesBuildPhase section */

/* Begin PBXSourcesBuildPhase section */
		D749129C246694E200CC12D3 /* Sources */ = {
			isa = PBXSourcesBuildPhase;
			buildActionMask = 2147483647;
			files = (
				D74912A8246694E200CC12D3 /* ViewController.swift in Sources */,
				D74912AE246694E200CC12D3 /* SampleProjectWithoutStoryboard.xcdatamodeld in Sources */,
				D74912A4246694E200CC12D3 /* AppDelegate.swift in Sources */,
				D74912A6246694E200CC12D3 /* SceneDelegate.swift in Sources */,
			);
			runOnlyForDeploymentPostprocessing = 0;
		};
		D74912B5246694E400CC12D3 /* Sources */ = {
			isa = PBXSourcesBuildPhase;
			buildActionMask = 2147483647;
			files = (
				D74912BE246694E400CC12D3 /* SampleProjectWithoutStoryboardTests.swift in Sources */,
			);
			runOnlyForDeploymentPostprocessing = 0;
		};
		D74912C0246694E400CC12D3 /* Sources */ = {
			isa = PBXSourcesBuildPhase;
			buildActionMask = 2147483647;
			files = (
				D74912C9246694E400CC12D3 /* SampleProjectWithoutStoryboardUITests.swift in Sources */,
			);
			runOnlyForDeploymentPostprocessing = 0;
		};
/* End PBXSourcesBuildPhase section */

/* Begin PBXTargetDependency section */
		D74912BB246694E400CC12D3 /* PBXTargetDependency */ = {
			isa = PBXTargetDependency;
			target = D749129F246694E200CC12D3 /* SampleProjectWithoutStoryboard */;
			targetProxy = D74912BA246694E400CC12D3 /* PBXContainerItemProxy */;
		};
		D74912C6246694E400CC12D3 /* PBXTargetDependency */ = {
			isa = PBXTargetDependency;
			target = D749129F246694E200CC12D3 /* SampleProjectWithoutStoryboard */;
			targetProxy = D74912C5246694E400CC12D3 /* PBXContainerItemProxy */;
		};
/* End PBXTargetDependency section */

/* Begin PBXVariantGroup section */
		D74912A9246694E200CC12D3 /* Main.storyboard */ = {
			isa = PBXVariantGroup;
			children = (
				D74912AA246694E200CC12D3 /* Base */,
			);
			name = Main.storyboard;
			sourceTree = "<group>";
		};
		D74912B1246694E400CC12D3 /* LaunchScreen.storyboard */ = {
			isa = PBXVariantGroup;
			children = (
				D74912B2246694E400CC12D3 /* Base */,
			);
			name = LaunchScreen.storyboard;
			sourceTree = "<group>";
		};
/* End PBXVariantGroup section */

/* Begin XCBuildConfiguration section */
		D74912CB246694E400CC12D3 /* Debug */ = {
			isa = XCBuildConfiguration;
			buildSettings = {
				ALWAYS_SEARCH_USER_PATHS = NO;
				CLANG_ANALYZER_NONNULL = YES;
				CLANG_ANALYZER_NUMBER_OBJECT_CONVERSION = YES_AGGRESSIVE;
				CLANG_CXX_LANGUAGE_STANDARD = "gnu++14";
				CLANG_CXX_LIBRARY = "libc++";
				CLANG_ENABLE_MODULES = YES;
				CLANG_ENABLE_OBJC_ARC = YES;
				CLANG_ENABLE_OBJC_WEAK = YES;
				CLANG_WARN_BLOCK_CAPTURE_AUTORELEASING = YES;
				CLANG_WARN_BOOL_CONVERSION = YES;
				CLANG_WARN_COMMA = YES;
				CLANG_WARN_CONSTANT_CONVERSION = YES;
				CLANG_WARN_DEPRECATED_OBJC_IMPLEMENTATIONS = YES;
				CLANG_WARN_DIRECT_OBJC_ISA_USAGE = YES_ERROR;
				CLANG_WARN_DOCUMENTATION_COMMENTS = YES;
				CLANG_WARN_EMPTY_BODY = YES;
				CLANG_WARN_ENUM_CONVERSION = YES;
				CLANG_WARN_INFINITE_RECURSION = YES;
				CLANG_WARN_INT_CONVERSION = YES;
				CLANG_WARN_NON_LITERAL_NULL_CONVERSION = YES;
				CLANG_WARN_OBJC_IMPLICIT_RETAIN_SELF = YES;
				CLANG_WARN_OBJC_LITERAL_CONVERSION = YES;
				CLANG_WARN_OBJC_ROOT_CLASS = YES_ERROR;
				CLANG_WARN_RANGE_LOOP_ANALYSIS = YES;
				CLANG_WARN_STRICT_PROTOTYPES = YES;
				CLANG_WARN_SUSPICIOUS_MOVE = YES;
				CLANG_WARN_UNGUARDED_AVAILABILITY = YES_AGGRESSIVE;
				CLANG_WARN_UNREACHABLE_CODE = YES;
				CLANG_WARN__DUPLICATE_METHOD_MATCH = YES;
				COPY_PHASE_STRIP = NO;
				DEBUG_INFORMATION_FORMAT = dwarf;
				ENABLE_STRICT_OBJC_MSGSEND = YES;
				ENABLE_TESTABILITY = YES;
				GCC_C_LANGUAGE_STANDARD = gnu11;
				GCC_DYNAMIC_NO_PIC = NO;
				GCC_NO_COMMON_BLOCKS = YES;
				GCC_OPTIMIZATION_LEVEL = 0;
				GCC_PREPROCESSOR_DEFINITIONS = (
					"DEBUG=1",
					"$(inherited)",
				);
				GCC_WARN_64_TO_32_BIT_CONVERSION = YES;
				GCC_WARN_ABOUT_RETURN_TYPE = YES_ERROR;
				GCC_WARN_UNDECLARED_SELECTOR = YES;
				GCC_WARN_UNINITIALIZED_AUTOS = YES_AGGRESSIVE;
				GCC_WARN_UNUSED_FUNCTION = YES;
				GCC_WARN_UNUSED_VARIABLE = YES;
				IPHONEOS_DEPLOYMENT_TARGET = 13.4;
				MTL_ENABLE_DEBUG_INFO = INCLUDE_SOURCE;
				MTL_FAST_MATH = YES;
				ONLY_ACTIVE_ARCH = YES;
				SDKROOT = iphoneos;
				SWIFT_ACTIVE_COMPILATION_CONDITIONS = DEBUG;
				SWIFT_OPTIMIZATION_LEVEL = "-Onone";
			};
			name = Debug;
		};
		D74912CC246694E400CC12D3 /* Release */ = {
			isa = XCBuildConfiguration;
			buildSettings = {
				ALWAYS_SEARCH_USER_PATHS = NO;
				CLANG_ANALYZER_NONNULL = YES;
				CLANG_ANALYZER_NUMBER_OBJECT_CONVERSION = YES_AGGRESSIVE;
				CLANG_CXX_LANGUAGE_STANDARD = "gnu++14";
				CLANG_CXX_LIBRARY = "libc++";
				CLANG_ENABLE_MODULES = YES;
				CLANG_ENABLE_OBJC_ARC = YES;
				CLANG_ENABLE_OBJC_WEAK = YES;
				CLANG_WARN_BLOCK_CAPTURE_AUTORELEASING = YES;
				CLANG_WARN_BOOL_CONVERSION = YES;
				CLANG_WARN_COMMA = YES;
				CLANG_WARN_CONSTANT_CONVERSION = YES;
				CLANG_WARN_DEPRECATED_OBJC_IMPLEMENTATIONS = YES;
				CLANG_WARN_DIRECT_OBJC_ISA_USAGE = YES_ERROR;
				CLANG_WARN_DOCUMENTATION_COMMENTS = YES;
				CLANG_WARN_EMPTY_BODY = YES;
				CLANG_WARN_ENUM_CONVERSION = YES;
				CLANG_WARN_INFINITE_RECURSION = YES;
				CLANG_WARN_INT_CONVERSION = YES;
				CLANG_WARN_NON_LITERAL_NULL_CONVERSION = YES;
				CLANG_WARN_OBJC_IMPLICIT_RETAIN_SELF = YES;
				CLANG_WARN_OBJC_LITERAL_CONVERSION = YES;
				CLANG_WARN_OBJC_ROOT_CLASS = YES_ERROR;
				CLANG_WARN_RANGE_LOOP_ANALYSIS = YES;
				CLANG_WARN_STRICT_PROTOTYPES = YES;
				CLANG_WARN_SUSPICIOUS_MOVE = YES;
				CLANG_WARN_UNGUARDED_AVAILABILITY = YES_AGGRESSIVE;
				CLANG_WARN_UNREACHABLE_CODE = YES;
				CLANG_WARN__DUPLICATE_METHOD_MATCH = YES;
				COPY_PHASE_STRIP = NO;
				DEBUG_INFORMATION_FORMAT = "dwarf-with-dsym";
				ENABLE_NS_ASSERTIONS = NO;
				ENABLE_STRICT_OBJC_MSGSEND = YES;
				GCC_C_LANGUAGE_STANDARD = gnu11;
				GCC_NO_COMMON_BLOCKS = YES;
				GCC_WARN_64_TO_32_BIT_CONVERSION = YES;
				GCC_WARN_ABOUT_RETURN_TYPE = YES_ERROR;
				GCC_WARN_UNDECLARED_SELECTOR = YES;
				GCC_WARN_UNINITIALIZED_AUTOS = YES_AGGRESSIVE;
				GCC_WARN_UNUSED_FUNCTION = YES;
				GCC_WARN_UNUSED_VARIABLE = YES;
				IPHONEOS_DEPLOYMENT_TARGET = 13.4;
				MTL_ENABLE_DEBUG_INFO = NO;
				MTL_FAST_MATH = YES;
				SDKROOT = iphoneos;
				SWIFT_COMPILATION_MODE = wholemodule;
				SWIFT_OPTIMIZATION_LEVEL = "-O";
				VALIDATE_PRODUCT = YES;
			};
			name = Release;
		};
		D74912CE246694E400CC12D3 /* Debug */ = {
			isa = XCBuildConfiguration;
			buildSettings = {
				ASSETCATALOG_COMPILER_APPICON_NAME = AppIcon;
				CODE_SIGN_STYLE = Automatic;
				DEVELOPMENT_TEAM = 9Y224ZS8GH;
				INFOPLIST_FILE = SampleProjectWithoutStoryboard/Info.plist;
				LD_RUNPATH_SEARCH_PATHS = (
					"$(inherited)",
					"@executable_path/Frameworks",
				);
				PRODUCT_BUNDLE_IDENTIFIER = com.ajisaputrars.SampleProjectWithoutStoryboard;
				PRODUCT_NAME = "$(TARGET_NAME)";
				SWIFT_VERSION = 5.0;
				TARGETED_DEVICE_FAMILY = "1,2";
			};
			name = Debug;
		};
		D74912CF246694E400CC12D3 /* Release */ = {
			isa = XCBuildConfiguration;
			buildSettings = {
				ASSETCATALOG_COMPILER_APPICON_NAME = AppIcon;
				CODE_SIGN_STYLE = Automatic;
				DEVELOPMENT_TEAM = 9Y224ZS8GH;
				INFOPLIST_FILE = SampleProjectWithoutStoryboard/Info.plist;
				LD_RUNPATH_SEARCH_PATHS = (
					"$(inherited)",
					"@executable_path/Frameworks",
				);
				PRODUCT_BUNDLE_IDENTIFIER = com.ajisaputrars.SampleProjectWithoutStoryboard;
				PRODUCT_NAME = "$(TARGET_NAME)";
				SWIFT_VERSION = 5.0;
				TARGETED_DEVICE_FAMILY = "1,2";
			};
			name = Release;
		};
		D74912D1246694E400CC12D3 /* Debug */ = {
			isa = XCBuildConfiguration;
			buildSettings = {
				ALWAYS_EMBED_SWIFT_STANDARD_LIBRARIES = YES;
				BUNDLE_LOADER = "$(TEST_HOST)";
				CODE_SIGN_STYLE = Automatic;
				DEVELOPMENT_TEAM = 9Y224ZS8GH;
				INFOPLIST_FILE = SampleProjectWithoutStoryboardTests/Info.plist;
				IPHONEOS_DEPLOYMENT_TARGET = 13.4;
				LD_RUNPATH_SEARCH_PATHS = (
					"$(inherited)",
					"@executable_path/Frameworks",
					"@loader_path/Frameworks",
				);
				PRODUCT_BUNDLE_IDENTIFIER = com.ajisaputrars.SampleProjectWithoutStoryboardTests;
				PRODUCT_NAME = "$(TARGET_NAME)";
				SWIFT_VERSION = 5.0;
				TARGETED_DEVICE_FAMILY = "1,2";
				TEST_HOST = "$(BUILT_PRODUCTS_DIR)/SampleProjectWithoutStoryboard.app/SampleProjectWithoutStoryboard";
			};
			name = Debug;
		};
		D74912D2246694E400CC12D3 /* Release */ = {
			isa = XCBuildConfiguration;
			buildSettings = {
				ALWAYS_EMBED_SWIFT_STANDARD_LIBRARIES = YES;
				BUNDLE_LOADER = "$(TEST_HOST)";
				CODE_SIGN_STYLE = Automatic;
				DEVELOPMENT_TEAM = 9Y224ZS8GH;
				INFOPLIST_FILE = SampleProjectWithoutStoryboardTests/Info.plist;
				IPHONEOS_DEPLOYMENT_TARGET = 13.4;
				LD_RUNPATH_SEARCH_PATHS = (
					"$(inherited)",
					"@executable_path/Frameworks",
					"@loader_path/Frameworks",
				);
				PRODUCT_BUNDLE_IDENTIFIER = com.ajisaputrars.SampleProjectWithoutStoryboardTests;
				PRODUCT_NAME = "$(TARGET_NAME)";
				SWIFT_VERSION = 5.0;
				TARGETED_DEVICE_FAMILY = "1,2";
				TEST_HOST = "$(BUILT_PRODUCTS_DIR)/SampleProjectWithoutStoryboard.app/SampleProjectWithoutStoryboard";
			};
			name = Release;
		};
		D74912D4246694E400CC12D3 /* Debug */ = {
			isa = XCBuildConfiguration;
			buildSettings = {
				ALWAYS_EMBED_SWIFT_STANDARD_LIBRARIES = YES;
				CODE_SIGN_STYLE = Automatic;
				DEVELOPMENT_TEAM = 9Y224ZS8GH;
				INFOPLIST_FILE = SampleProjectWithoutStoryboardUITests/Info.plist;
				LD_RUNPATH_SEARCH_PATHS = (
					"$(inherited)",
					"@executable_path/Frameworks",
					"@loader_path/Frameworks",
				);
				PRODUCT_BUNDLE_IDENTIFIER = com.ajisaputrars.SampleProjectWithoutStoryboardUITests;
				PRODUCT_NAME = "$(TARGET_NAME)";
				SWIFT_VERSION = 5.0;
				TARGETED_DEVICE_FAMILY = "1,2";
				TEST_TARGET_NAME = SampleProjectWithoutStoryboard;
			};
			name = Debug;
		};
		D74912D5246694E400CC12D3 /* Release */ = {
			isa = XCBuildConfiguration;
			buildSettings = {
				ALWAYS_EMBED_SWIFT_STANDARD_LIBRARIES = YES;
				CODE_SIGN_STYLE = Automatic;
				DEVELOPMENT_TEAM = 9Y224ZS8GH;
				INFOPLIST_FILE = SampleProjectWithoutStoryboardUITests/Info.plist;
				LD_RUNPATH_SEARCH_PATHS = (
					"$(inherited)",
					"@executable_path/Frameworks",
					"@loader_path/Frameworks",
				);
				PRODUCT_BUNDLE_IDENTIFIER = com.ajisaputrars.SampleProjectWithoutStoryboardUITests;
				PRODUCT_NAME = "$(TARGET_NAME)";
				SWIFT_VERSION = 5.0;
				TARGETED_DEVICE_FAMILY = "1,2";
				TEST_TARGET_NAME = SampleProjectWithoutStoryboard;
			};
			name = Release;
		};
/* End XCBuildConfiguration section */

/* Begin XCConfigurationList section */
		D749129B246694E200CC12D3 /* Build configuration list for PBXProject "SampleProjectWithoutStoryboard" */ = {
			isa = XCConfigurationList;
			buildConfigurations = (
				D74912CB246694E400CC12D3 /* Debug */,
				D74912CC246694E400CC12D3 /* Release */,
			);
			defaultConfigurationIsVisible = 0;
			defaultConfigurationName = Release;
		};
		D74912CD246694E400CC12D3 /* Build configuration list for PBXNativeTarget "SampleProjectWithoutStoryboard" */ = {
			isa = XCConfigurationList;
			buildConfigurations = (
				D74912CE246694E400CC12D3 /* Debug */,
				D74912CF246694E400CC12D3 /* Release */,
			);
			defaultConfigurationIsVisible = 0;
			defaultConfigurationName = Release;
		};
		D74912D0246694E400CC12D3 /* Build configuration list for PBXNativeTarget "SampleProjectWithoutStoryboardTests" */ = {
			isa = XCConfigurationList;
			buildConfigurations = (
				D74912D1246694E400CC12D3 /* Debug */,
				D74912D2246694E400CC12D3 /* Release */,
			);
			defaultConfigurationIsVisible = 0;
			defaultConfigurationName = Release;
		};
		D74912D3246694E400CC12D3 /* Build configuration list for PBXNativeTarget "SampleProjectWithoutStoryboardUITests" */ = {
			isa = XCConfigurationList;
			buildConfigurations = (
				D74912D4246694E400CC12D3 /* Debug */,
				D74912D5246694E400CC12D3 /* Release */,
			);
			defaultConfigurationIsVisible = 0;
			defaultConfigurationName = Release;
		};
/* End XCConfigurationList section */

/* Begin XCVersionGroup section */
		D74912AC246694E200CC12D3 /* SampleProjectWithoutStoryboard.xcdatamodeld */ = {
			isa = XCVersionGroup;
			children = (
				D74912AD246694E200CC12D3 /* SampleProjectWithoutStoryboard.xcdatamodel */,
			);
			currentVersion = D74912AD246694E200CC12D3 /* SampleProjectWithoutStoryboard.xcdatamodel */;
			path = SampleProjectWithoutStoryboard.xcdatamodeld;
			sourceTree = "<group>";
			versionGroupType = wrapper.xcdatamodel;
		};
/* End XCVersionGroup section */
	};
	rootObject = D7491298246694E200CC12D3 /* Project object */;
}
